// !$*UTF8*$!
{
	archiveVersion = 1;
	classes = {
	};
	objectVersion = 50;
	objects = {

/* Begin PBXBuildFile section */
		AE01CA7C237F54010024D025 /* SignUpVC.swift in Sources */ = {isa = PBXBuildFile; fileRef = AE01CA7B237F54010024D025 /* SignUpVC.swift */; };
		AE1DEB7A23787CE600D49000 /* AppDelegate.swift in Sources */ = {isa = PBXBuildFile; fileRef = AE1DEB7923787CE600D49000 /* AppDelegate.swift */; };
		AE1DEB7C23787CE600D49000 /* SceneDelegate.swift in Sources */ = {isa = PBXBuildFile; fileRef = AE1DEB7B23787CE600D49000 /* SceneDelegate.swift */; };
		AE1DEB7E23787CE600D49000 /* ViewController.swift in Sources */ = {isa = PBXBuildFile; fileRef = AE1DEB7D23787CE600D49000 /* ViewController.swift */; };
		AE1DEB8123787CE600D49000 /* Main.storyboard in Resources */ = {isa = PBXBuildFile; fileRef = AE1DEB7F23787CE600D49000 /* Main.storyboard */; };
		AE1DEB8423787CE600D49000 /* Parking_App.xcdatamodeld in Sources */ = {isa = PBXBuildFile; fileRef = AE1DEB8223787CE600D49000 /* Parking_App.xcdatamodeld */; };
		AE1DEB8623787CE800D49000 /* Assets.xcassets in Resources */ = {isa = PBXBuildFile; fileRef = AE1DEB8523787CE800D49000 /* Assets.xcassets */; };
		AE1DEB8923787CE800D49000 /* LaunchScreen.storyboard in Resources */ = {isa = PBXBuildFile; fileRef = AE1DEB8723787CE800D49000 /* LaunchScreen.storyboard */; };
		AE31AA0323A3EB5C00FD2898 /* AddParkingVC.swift in Sources */ = {isa = PBXBuildFile; fileRef = AE31AA0123A3EB5C00FD2898 /* AddParkingVC.swift */; };
		AE31AA0423A3EB5C00FD2898 /* SingleReceiptVC.swift in Sources */ = {isa = PBXBuildFile; fileRef = AE31AA0223A3EB5C00FD2898 /* SingleReceiptVC.swift */; };
		AE47524123885D8F00DB287C /* MenuVC.swift in Sources */ = {isa = PBXBuildFile; fileRef = AE47524023885D8F00DB287C /* MenuVC.swift */; };
		AE475243238862A000DB287C /* SearchVC.swift in Sources */ = {isa = PBXBuildFile; fileRef = AE475242238862A000DB287C /* SearchVC.swift */; };
		F52E6FDE23A3049700533CCE /* UpdateProfileVC.swift in Sources */ = {isa = PBXBuildFile; fileRef = F52E6FDD23A3049700533CCE /* UpdateProfileVC.swift */; };
		F5EF4CD923848B5A00911436 /* SignInVC.swift in Sources */ = {isa = PBXBuildFile; fileRef = F5EF4CD823848B5A00911436 /* SignInVC.swift */; };
		F5EF4CDB2388315300911436 /* Validator.swift in Sources */ = {isa = PBXBuildFile; fileRef = F5EF4CDA2388315300911436 /* Validator.swift */; };
		F5EF4CDD2388438600911436 /* DataBaseHelper.swift in Sources */ = {isa = PBXBuildFile; fileRef = F5EF4CDC2388438600911436 /* DataBaseHelper.swift */; };
		F5EF4CDF2388445700911436 /* User.swift in Sources */ = {isa = PBXBuildFile; fileRef = F5EF4CDE2388445700911436 /* User.swift */; };
		F5EF4D1023888AD200911436 /* Payment.swift in Sources */ = {isa = PBXBuildFile; fileRef = F5EF4D0F23888AD200911436 /* Payment.swift */; };
		F5EF4D1223888AF600911436 /* Parking.swift in Sources */ = {isa = PBXBuildFile; fileRef = F5EF4D1123888AF600911436 /* Parking.swift */; };
/* End PBXBuildFile section */

/* Begin PBXFileReference section */
		AE01CA7B237F54010024D025 /* SignUpVC.swift */ = {isa = PBXFileReference; lastKnownFileType = sourcecode.swift; path = SignUpVC.swift; sourceTree = "<group>"; };
		AE1DEB7623787CE600D49000 /* Parking App.app */ = {isa = PBXFileReference; explicitFileType = wrapper.application; includeInIndex = 0; path = "Parking App.app"; sourceTree = BUILT_PRODUCTS_DIR; };
		AE1DEB7923787CE600D49000 /* AppDelegate.swift */ = {isa = PBXFileReference; lastKnownFileType = sourcecode.swift; path = AppDelegate.swift; sourceTree = "<group>"; };
		AE1DEB7B23787CE600D49000 /* SceneDelegate.swift */ = {isa = PBXFileReference; lastKnownFileType = sourcecode.swift; path = SceneDelegate.swift; sourceTree = "<group>"; };
		AE1DEB7D23787CE600D49000 /* ViewController.swift */ = {isa = PBXFileReference; lastKnownFileType = sourcecode.swift; path = ViewController.swift; sourceTree = "<group>"; };
		AE1DEB8023787CE600D49000 /* Base */ = {isa = PBXFileReference; lastKnownFileType = file.storyboard; name = Base; path = Base.lproj/Main.storyboard; sourceTree = "<group>"; };
		AE1DEB8323787CE600D49000 /* Parking_App.xcdatamodel */ = {isa = PBXFileReference; lastKnownFileType = wrapper.xcdatamodel; path = Parking_App.xcdatamodel; sourceTree = "<group>"; };
		AE1DEB8523787CE800D49000 /* Assets.xcassets */ = {isa = PBXFileReference; lastKnownFileType = folder.assetcatalog; path = Assets.xcassets; sourceTree = "<group>"; };
		AE1DEB8823787CE800D49000 /* Base */ = {isa = PBXFileReference; lastKnownFileType = file.storyboard; name = Base; path = Base.lproj/LaunchScreen.storyboard; sourceTree = "<group>"; };
		AE1DEB8A23787CE800D49000 /* Info.plist */ = {isa = PBXFileReference; lastKnownFileType = text.plist.xml; path = Info.plist; sourceTree = "<group>"; };
		AE31AA0123A3EB5C00FD2898 /* AddParkingVC.swift */ = {isa = PBXFileReference; fileEncoding = 4; lastKnownFileType = sourcecode.swift; path = AddParkingVC.swift; sourceTree = "<group>"; };
		AE31AA0223A3EB5C00FD2898 /* SingleReceiptVC.swift */ = {isa = PBXFileReference; fileEncoding = 4; lastKnownFileType = sourcecode.swift; path = SingleReceiptVC.swift; sourceTree = "<group>"; };
		AE47524023885D8F00DB287C /* MenuVC.swift */ = {isa = PBXFileReference; lastKnownFileType = sourcecode.swift; path = MenuVC.swift; sourceTree = "<group>"; };
		AE475242238862A000DB287C /* SearchVC.swift */ = {isa = PBXFileReference; lastKnownFileType = sourcecode.swift; path = SearchVC.swift; sourceTree = "<group>"; };
		F52E6FDD23A3049700533CCE /* UpdateProfileVC.swift */ = {isa = PBXFileReference; lastKnownFileType = sourcecode.swift; path = UpdateProfileVC.swift; sourceTree = "<group>"; };
		F5EF4CD823848B5A00911436 /* SignInVC.swift */ = {isa = PBXFileReference; lastKnownFileType = sourcecode.swift; path = SignInVC.swift; sourceTree = "<group>"; };
		F5EF4CDA2388315300911436 /* Validator.swift */ = {isa = PBXFileReference; lastKnownFileType = sourcecode.swift; path = Validator.swift; sourceTree = "<group>"; };
		F5EF4CDC2388438600911436 /* DataBaseHelper.swift */ = {isa = PBXFileReference; lastKnownFileType = sourcecode.swift; path = DataBaseHelper.swift; sourceTree = "<group>"; };
		F5EF4CDE2388445700911436 /* User.swift */ = {isa = PBXFileReference; lastKnownFileType = sourcecode.swift; path = User.swift; sourceTree = "<group>"; };
		F5EF4D0F23888AD200911436 /* Payment.swift */ = {isa = PBXFileReference; lastKnownFileType = sourcecode.swift; path = Payment.swift; sourceTree = "<group>"; };
		F5EF4D1123888AF600911436 /* Parking.swift */ = {isa = PBXFileReference; lastKnownFileType = sourcecode.swift; path = Parking.swift; sourceTree = "<group>"; };
/* End PBXFileReference section */

/* Begin PBXFrameworksBuildPhase section */
		AE1DEB7323787CE600D49000 /* Frameworks */ = {
			isa = PBXFrameworksBuildPhase;
			buildActionMask = 2147483647;
			files = (
			);
			runOnlyForDeploymentPostprocessing = 0;
		};
/* End PBXFrameworksBuildPhase section */

/* Begin PBXGroup section */
		AE1DEB6D23787CE600D49000 = {
			isa = PBXGroup;
			children = (
				AE1DEB7823787CE600D49000 /* Parking App */,
				AE1DEB7723787CE600D49000 /* Products */,
			);
			sourceTree = "<group>";
		};
		AE1DEB7723787CE600D49000 /* Products */ = {
			isa = PBXGroup;
			children = (
				AE1DEB7623787CE600D49000 /* Parking App.app */,
			);
			name = Products;
			sourceTree = "<group>";
		};
		AE1DEB7823787CE600D49000 /* Parking App */ = {
			isa = PBXGroup;
			children = (
				F5A9D090237F3AB5002B20F6 /* Controller */,
				F5A9D08F237F3AAD002B20F6 /* View */,
				F5A9D08E237F3A94002B20F6 /* Model */,
				AE1DEB7923787CE600D49000 /* AppDelegate.swift */,
				AE1DEB7B23787CE600D49000 /* SceneDelegate.swift */,
				AE1DEB7D23787CE600D49000 /* ViewController.swift */,
				AE1DEB7F23787CE600D49000 /* Main.storyboard */,
				AE1DEB8523787CE800D49000 /* Assets.xcassets */,
				AE1DEB8723787CE800D49000 /* LaunchScreen.storyboard */,
				AE1DEB8A23787CE800D49000 /* Info.plist */,
				AE1DEB8223787CE600D49000 /* Parking_App.xcdatamodeld */,
			);
			path = "Parking App";
			sourceTree = "<group>";
		};
		F5A9D08E237F3A94002B20F6 /* Model */ = {
			isa = PBXGroup;
			children = (
				F5EF4CDE2388445700911436 /* User.swift */,
				F5EF4D0F23888AD200911436 /* Payment.swift */,
				F5EF4D1123888AF600911436 /* Parking.swift */,
			);
			path = Model;
			sourceTree = "<group>";
		};
		F5A9D08F237F3AAD002B20F6 /* View */ = {
			isa = PBXGroup;
			children = (
				AE31AA0123A3EB5C00FD2898 /* AddParkingVC.swift */,
				AE31AA0223A3EB5C00FD2898 /* SingleReceiptVC.swift */,
				AE01CA7B237F54010024D025 /* SignUpVC.swift */,
				F5EF4CD823848B5A00911436 /* SignInVC.swift */,
				AE47524023885D8F00DB287C /* MenuVC.swift */,
				AE475242238862A000DB287C /* SearchVC.swift */,
				F52E6FDD23A3049700533CCE /* UpdateProfileVC.swift */,
			);
			path = View;
			sourceTree = "<group>";
		};
		F5A9D090237F3AB5002B20F6 /* Controller */ = {
			isa = PBXGroup;
			children = (
				F5EF4CDA2388315300911436 /* Validator.swift */,
				F5EF4CDC2388438600911436 /* DataBaseHelper.swift */,
			);
			path = Controller;
			sourceTree = "<group>";
		};
/* End PBXGroup section */

/* Begin PBXNativeTarget section */
		AE1DEB7523787CE600D49000 /* Parking App */ = {
			isa = PBXNativeTarget;
			buildConfigurationList = AE1DEB8D23787CE800D49000 /* Build configuration list for PBXNativeTarget "Parking App" */;
			buildPhases = (
				AE1DEB7223787CE600D49000 /* Sources */,
				AE1DEB7323787CE600D49000 /* Frameworks */,
				AE1DEB7423787CE600D49000 /* Resources */,
			);
			buildRules = (
			);
			dependencies = (
			);
			name = "Parking App";
			productName = "Parking App";
			productReference = AE1DEB7623787CE600D49000 /* Parking App.app */;
			productType = "com.apple.product-type.application";
		};
/* End PBXNativeTarget section */

/* Begin PBXProject section */
		AE1DEB6E23787CE600D49000 /* Project object */ = {
			isa = PBXProject;
			attributes = {
				LastSwiftUpdateCheck = 1120;
				LastUpgradeCheck = 1120;
				ORGANIZATIONNAME = "the flying pigs";
				TargetAttributes = {
					AE1DEB7523787CE600D49000 = {
						CreatedOnToolsVersion = 11.2;
					};
				};
			};
			buildConfigurationList = AE1DEB7123787CE600D49000 /* Build configuration list for PBXProject "Parking App" */;
			compatibilityVersion = "Xcode 9.3";
			developmentRegion = en;
			hasScannedForEncodings = 0;
			knownRegions = (
				en,
				Base,
			);
			mainGroup = AE1DEB6D23787CE600D49000;
			productRefGroup = AE1DEB7723787CE600D49000 /* Products */;
			projectDirPath = "";
			projectRoot = "";
			targets = (
				AE1DEB7523787CE600D49000 /* Parking App */,
			);
		};
/* End PBXProject section */

/* Begin PBXResourcesBuildPhase section */
		AE1DEB7423787CE600D49000 /* Resources */ = {
			isa = PBXResourcesBuildPhase;
			buildActionMask = 2147483647;
			files = (
				AE1DEB8923787CE800D49000 /* LaunchScreen.storyboard in Resources */,
				AE1DEB8623787CE800D49000 /* Assets.xcassets in Resources */,
				AE1DEB8123787CE600D49000 /* Main.storyboard in Resources */,
			);
			runOnlyForDeploymentPostprocessing = 0;
		};
/* End PBXResourcesBuildPhase section */

/* Begin PBXSourcesBuildPhase section */
		AE1DEB7223787CE600D49000 /* Sources */ = {
			isa = PBXSourcesBuildPhase;
			buildActionMask = 2147483647;
			files = (
				AE01CA7C237F54010024D025 /* SignUpVC.swift in Sources */,
				AE475243238862A000DB287C /* SearchVC.swift in Sources */,
				AE1DEB8423787CE600D49000 /* Parking_App.xcdatamodeld in Sources */,
				F5EF4CD923848B5A00911436 /* SignInVC.swift in Sources */,
				AE1DEB7E23787CE600D49000 /* ViewController.swift in Sources */,
				F5EF4D1023888AD200911436 /* Payment.swift in Sources */,
				F5EF4CDD2388438600911436 /* DataBaseHelper.swift in Sources */,
				AE31AA0423A3EB5C00FD2898 /* SingleReceiptVC.swift in Sources */,
				F5EF4CDF2388445700911436 /* User.swift in Sources */,
				F5EF4CDB2388315300911436 /* Validator.swift in Sources */,
				AE1DEB7A23787CE600D49000 /* AppDelegate.swift in Sources */,
				AE31AA0323A3EB5C00FD2898 /* AddParkingVC.swift in Sources */,
				F5EF4D1223888AF600911436 /* Parking.swift in Sources */,
				F52E6FDE23A3049700533CCE /* UpdateProfileVC.swift in Sources */,
				AE1DEB7C23787CE600D49000 /* SceneDelegate.swift in Sources */,
				AE47524123885D8F00DB287C /* MenuVC.swift in Sources */,
			);
			runOnlyForDeploymentPostprocessing = 0;
		};
/* End PBXSourcesBuildPhase section */

/* Begin PBXVariantGroup section */
		AE1DEB7F23787CE600D49000 /* Main.storyboard */ = {
			isa = PBXVariantGroup;
			children = (
				AE1DEB8023787CE600D49000 /* Base */,
			);
			name = Main.storyboard;
			sourceTree = "<group>";
		};
		AE1DEB8723787CE800D49000 /* LaunchScreen.storyboard */ = {
			isa = PBXVariantGroup;
			children = (
				AE1DEB8823787CE800D49000 /* Base */,
			);
			name = LaunchScreen.storyboard;
			sourceTree = "<group>";
		};
/* End PBXVariantGroup section */

/* Begin XCBuildConfiguration section */
		AE1DEB8B23787CE800D49000 /* Debug */ = {
			isa = XCBuildConfiguration;
			buildSettings = {
				ALWAYS_SEARCH_USER_PATHS = NO;
				CLANG_ANALYZER_NONNULL = YES;
				CLANG_ANALYZER_NUMBER_OBJECT_CONVERSION = YES_AGGRESSIVE;
				CLANG_CXX_LANGUAGE_STANDARD = "gnu++14";
				CLANG_CXX_LIBRARY = "libc++";
				CLANG_ENABLE_MODULES = YES;
				CLANG_ENABLE_OBJC_ARC = YES;
				CLANG_ENABLE_OBJC_WEAK = YES;
				CLANG_WARN_BLOCK_CAPTURE_AUTORELEASING = YES;
				CLANG_WARN_BOOL_CONVERSION = YES;
				CLANG_WARN_COMMA = YES;
				CLANG_WARN_CONSTANT_CONVERSION = YES;
				CLANG_WARN_DEPRECATED_OBJC_IMPLEMENTATIONS = YES;
				CLANG_WARN_DIRECT_OBJC_ISA_USAGE = YES_ERROR;
				CLANG_WARN_DOCUMENTATION_COMMENTS = YES;
				CLANG_WARN_EMPTY_BODY = YES;
				CLANG_WARN_ENUM_CONVERSION = YES;
				CLANG_WARN_INFINITE_RECURSION = YES;
				CLANG_WARN_INT_CONVERSION = YES;
				CLANG_WARN_NON_LITERAL_NULL_CONVERSION = YES;
				CLANG_WARN_OBJC_IMPLICIT_RETAIN_SELF = YES;
				CLANG_WARN_OBJC_LITERAL_CONVERSION = YES;
				CLANG_WARN_OBJC_ROOT_CLASS = YES_ERROR;
				CLANG_WARN_RANGE_LOOP_ANALYSIS = YES;
				CLANG_WARN_STRICT_PROTOTYPES = YES;
				CLANG_WARN_SUSPICIOUS_MOVE = YES;
				CLANG_WARN_UNGUARDED_AVAILABILITY = YES_AGGRESSIVE;
				CLANG_WARN_UNREACHABLE_CODE = YES;
				CLANG_WARN__DUPLICATE_METHOD_MATCH = YES;
				COPY_PHASE_STRIP = NO;
				DEBUG_INFORMATION_FORMAT = dwarf;
				ENABLE_STRICT_OBJC_MSGSEND = YES;
				ENABLE_TESTABILITY = YES;
				GCC_C_LANGUAGE_STANDARD = gnu11;
				GCC_DYNAMIC_NO_PIC = NO;
				GCC_NO_COMMON_BLOCKS = YES;
				GCC_OPTIMIZATION_LEVEL = 0;
				GCC_PREPROCESSOR_DEFINITIONS = (
					"DEBUG=1",
					"$(inherited)",
				);
				GCC_WARN_64_TO_32_BIT_CONVERSION = YES;
				GCC_WARN_ABOUT_RETURN_TYPE = YES_ERROR;
				GCC_WARN_UNDECLARED_SELECTOR = YES;
				GCC_WARN_UNINITIALIZED_AUTOS = YES_AGGRESSIVE;
				GCC_WARN_UNUSED_FUNCTION = YES;
				GCC_WARN_UNUSED_VARIABLE = YES;
				IPHONEOS_DEPLOYMENT_TARGET = 13.2;
				MTL_ENABLE_DEBUG_INFO = INCLUDE_SOURCE;
				MTL_FAST_MATH = YES;
				ONLY_ACTIVE_ARCH = YES;
				SDKROOT = iphoneos;
				SWIFT_ACTIVE_COMPILATION_CONDITIONS = DEBUG;
				SWIFT_OPTIMIZATION_LEVEL = "-Onone";
			};
			name = Debug;
		};
		AE1DEB8C23787CE800D49000 /* Release */ = {
			isa = XCBuildConfiguration;
			buildSettings = {
				ALWAYS_SEARCH_USER_PATHS = NO;
				CLANG_ANALYZER_NONNULL = YES;
				CLANG_ANALYZER_NUMBER_OBJECT_CONVERSION = YES_AGGRESSIVE;
				CLANG_CXX_LANGUAGE_STANDARD = "gnu++14";
				CLANG_CXX_LIBRARY = "libc++";
				CLANG_ENABLE_MODULES = YES;
				CLANG_ENABLE_OBJC_ARC = YES;
				CLANG_ENABLE_OBJC_WEAK = YES;
				CLANG_WARN_BLOCK_CAPTURE_AUTORELEASING = YES;
				CLANG_WARN_BOOL_CONVERSION = YES;
				CLANG_WARN_COMMA = YES;
				CLANG_WARN_CONSTANT_CONVERSION = YES;
				CLANG_WARN_DEPRECATED_OBJC_IMPLEMENTATIONS = YES;
				CLANG_WARN_DIRECT_OBJC_ISA_USAGE = YES_ERROR;
				CLANG_WARN_DOCUMENTATION_COMMENTS = YES;
				CLANG_WARN_EMPTY_BODY = YES;
				CLANG_WARN_ENUM_CONVERSION = YES;
				CLANG_WARN_INFINITE_RECURSION = YES;
				CLANG_WARN_INT_CONVERSION = YES;
				CLANG_WARN_NON_LITERAL_NULL_CONVERSION = YES;
				CLANG_WARN_OBJC_IMPLICIT_RETAIN_SELF = YES;
				CLANG_WARN_OBJC_LITERAL_CONVERSION = YES;
				CLANG_WARN_OBJC_ROOT_CLASS = YES_ERROR;
				CLANG_WARN_RANGE_LOOP_ANALYSIS = YES;
				CLANG_WARN_STRICT_PROTOTYPES = YES;
				CLANG_WARN_SUSPICIOUS_MOVE = YES;
				CLANG_WARN_UNGUARDED_AVAILABILITY = YES_AGGRESSIVE;
				CLANG_WARN_UNREACHABLE_CODE = YES;
				CLANG_WARN__DUPLICATE_METHOD_MATCH = YES;
				COPY_PHASE_STRIP = NO;
				DEBUG_INFORMATION_FORMAT = "dwarf-with-dsym";
				ENABLE_NS_ASSERTIONS = NO;
				ENABLE_STRICT_OBJC_MSGSEND = YES;
				GCC_C_LANGUAGE_STANDARD = gnu11;
				GCC_NO_COMMON_BLOCKS = YES;
				GCC_WARN_64_TO_32_BIT_CONVERSION = YES;
				GCC_WARN_ABOUT_RETURN_TYPE = YES_ERROR;
				GCC_WARN_UNDECLARED_SELECTOR = YES;
				GCC_WARN_UNINITIALIZED_AUTOS = YES_AGGRESSIVE;
				GCC_WARN_UNUSED_FUNCTION = YES;
				GCC_WARN_UNUSED_VARIABLE = YES;
				IPHONEOS_DEPLOYMENT_TARGET = 13.2;
				MTL_ENABLE_DEBUG_INFO = NO;
				MTL_FAST_MATH = YES;
				SDKROOT = iphoneos;
				SWIFT_COMPILATION_MODE = wholemodule;
				SWIFT_OPTIMIZATION_LEVEL = "-O";
				VALIDATE_PRODUCT = YES;
			};
			name = Release;
		};
		AE1DEB8E23787CE800D49000 /* Debug */ = {
			isa = XCBuildConfiguration;
			buildSettings = {
				ASSETCATALOG_COMPILER_APPICON_NAME = AppIcon;
				CODE_SIGN_STYLE = Automatic;
				DEVELOPMENT_TEAM = NDJ2GMP7JT;
				INFOPLIST_FILE = "Parking App/Info.plist";
				LD_RUNPATH_SEARCH_PATHS = (
					"$(inherited)",
					"@executable_path/Frameworks",
				);
				PRODUCT_BUNDLE_IDENTIFIER = "tfp.xcode.Parking-App";
				PRODUCT_NAME = "$(TARGET_NAME)";
				SWIFT_VERSION = 5.0;
				TARGETED_DEVICE_FAMILY = "1,2";
			};
			name = Debug;
		};
		AE1DEB8F23787CE800D49000 /* Release */ = {
			isa = XCBuildConfiguration;
			buildSettings = {
				ASSETCATALOG_COMPILER_APPICON_NAME = AppIcon;
				CODE_SIGN_STYLE = Automatic;
				DEVELOPMENT_TEAM = NDJ2GMP7JT;
				INFOPLIST_FILE = "Parking App/Info.plist";
				LD_RUNPATH_SEARCH_PATHS = (
					"$(inherited)",
					"@executable_path/Frameworks",
				);
				PRODUCT_BUNDLE_IDENTIFIER = "tfp.xcode.Parking-App";
				PRODUCT_NAME = "$(TARGET_NAME)";
				SWIFT_VERSION = 5.0;
				TARGETED_DEVICE_FAMILY = "1,2";
			};
			name = Release;
		};
/* End XCBuildConfiguration section */

/* Begin XCConfigurationList section */
		AE1DEB7123787CE600D49000 /* Build configuration list for PBXProject "Parking App" */ = {
			isa = XCConfigurationList;
			buildConfigurations = (
				AE1DEB8B23787CE800D49000 /* Debug */,
				AE1DEB8C23787CE800D49000 /* Release */,
			);
			defaultConfigurationIsVisible = 0;
			defaultConfigurationName = Release;
		};
		AE1DEB8D23787CE800D49000 /* Build configuration list for PBXNativeTarget "Parking App" */ = {
			isa = XCConfigurationList;
			buildConfigurations = (
				AE1DEB8E23787CE800D49000 /* Debug */,
				AE1DEB8F23787CE800D49000 /* Release */,
			);
			defaultConfigurationIsVisible = 0;
			defaultConfigurationName = Release;
		};
/* End XCConfigurationList section */

/* Begin XCVersionGroup section */
		AE1DEB8223787CE600D49000 /* Parking_App.xcdatamodeld */ = {
			isa = XCVersionGroup;
			children = (
				AE1DEB8323787CE600D49000 /* Parking_App.xcdatamodel */,
			);
			currentVersion = AE1DEB8323787CE600D49000 /* Parking_App.xcdatamodel */;
			path = Parking_App.xcdatamodeld;
			sourceTree = "<group>";
			versionGroupType = wrapper.xcdatamodel;
		};
/* End XCVersionGroup section */
	};
	rootObject = AE1DEB6E23787CE600D49000 /* Project object */;
}
